PODS:
  - GoogleAds-IMA-iOS-SDK (3.14.4)
  - KalturaNetKit (1.5.1):
    - KalturaNetKit/Core (= 1.5.1)
  - KalturaNetKit/Core (1.5.1):
    - SwiftyJSON (= 5.0.0)
  - Mux-Stats-Core (3.8.0)
  - Mux-Stats-Google-IMA-Kaltura (0.1.0):
    - GoogleAds-IMA-iOS-SDK (~> 3.13)
    - GoogleAds-IMA-tvOS-SDK (~> 4.3)
    - Mux-Stats-Kaltura (~> 1.0.0)
    - PlayKit_IMA
  - Mux-Stats-Google-IMA-Kaltura/Tests (0.1.0):
    - GoogleAds-IMA-iOS-SDK (~> 3.13)
    - GoogleAds-IMA-tvOS-SDK (~> 4.3)
    - Mux-Stats-Kaltura (~> 1.0.0)
    - PlayKit_IMA
  - Mux-Stats-Kaltura (1.0.0):
    - Mux-Stats-Core (~> 3.5)
    - PlayKit (~> 3.21)
  - ObjcExceptionBridging (1.0.1):
    - ObjcExceptionBridging/ObjcExceptionBridging (= 1.0.1)
  - ObjcExceptionBridging/ObjcExceptionBridging (1.0.1)
  - PlayKit (3.24.0):
    - PlayKit/Core (= 3.24.0)
  - PlayKit/Core (3.24.0):
    - KalturaNetKit (~> 1.5.1)
    - PlayKitUtils (~> 0.5)
    - SwiftyJSON (= 5.0.0)
    - XCGLogger (= 7.0.0)
  - PlayKit_IMA (1.11.0):
    - GoogleAds-IMA-iOS-SDK (= 3.14.4)
    - GoogleAds-IMA-tvOS-SDK (= 4.4.2)
    - PlayKit (~> 3.22)
  - PlayKitUtils (0.5.0)
  - SwiftyJSON (5.0.0)
  - XCGLogger (7.0.0):
    - XCGLogger/Core (= 7.0.0)
  - XCGLogger/Core (7.0.0):
    - ObjcExceptionBridging

DEPENDENCIES:
  - Mux-Stats-Google-IMA-Kaltura (from `../`)
  - Mux-Stats-Google-IMA-Kaltura/Tests (from `../`)
  - Mux-Stats-Kaltura (from `../../mux-stats-sdk-kaltura-ios`)
  - PlayKit_IMA

SPEC REPOS:
  trunk:
    - GoogleAds-IMA-iOS-SDK
    - KalturaNetKit
    - Mux-Stats-Core
    - ObjcExceptionBridging
    - PlayKit
    - PlayKit_IMA
    - PlayKitUtils
    - SwiftyJSON
    - XCGLogger

EXTERNAL SOURCES:
  Mux-Stats-Google-IMA-Kaltura:
    :path: "../"
  Mux-Stats-Kaltura:
    :path: "../../mux-stats-sdk-kaltura-ios"

SPEC CHECKSUMS:
  GoogleAds-IMA-iOS-SDK: c190284044e9a28b3e7422ba9886db015c71a84f
  KalturaNetKit: 8774fdc2e73d3d013c3df88aa49376dd922d3606
  Mux-Stats-Core: cb72e59db58a12f04a54a7634567f20f16b9453a
  Mux-Stats-Google-IMA-Kaltura: fc9ed1397d766139b0eb9ca7a068c8b423610616
  Mux-Stats-Kaltura: f8ea20bf722599b8a9ed007fe891b547e73e10b8
  ObjcExceptionBridging: c30e00eb3700467e695faeea30e26e18bd445001
  PlayKit: ccb50808c5ddbf416d309b42a000b9086ef69149
  PlayKit_IMA: 356faeeeeda85707834ad1dc0b4a50582136617f
  PlayKitUtils: 8edb43515c8b91d9aa9a47ae8b5af1e7dd58f6f3
  SwiftyJSON: 36413e04c44ee145039d332b4f4e2d3e8d6c4db7
  XCGLogger: 0434f15e3909cdc450bb63faf638b8792ab782ab

PODFILE CHECKSUM: 6accf799f5b80f707ee9d68800da38e458ac2799

COCOAPODS: 1.11.2
