PODS:
  - GoogleAds-IMA-iOS-SDK (3.18.1)
  - KalturaNetKit (1.6.1):
    - KalturaNetKit/Core (= 1.6.1)
  - KalturaNetKit/Core (1.6.1):
    - SwiftyJSON (= 5.0.0)
  - Mux-Stats-Core (4.5.2)
  - Mux-Stats-Google-IMA-Kaltura (2.0.0):
    - Mux-Stats-Kaltura (~> 3.0)
    - PlayKit_IMA
    - PlayKit_IMA (~> 1.14)
  - Mux-Stats-Kaltura (3.0.0):
    - Mux-Stats-Core (~> 4.5.2)
    - PlayKit (~> 3.27.2)
  - ObjcExceptionBridging (1.0.1):
    - ObjcExceptionBridging/ObjcExceptionBridging (= 1.0.1)
  - ObjcExceptionBridging/ObjcExceptionBridging (1.0.1)
  - PlayKit (3.27.2):
    - PlayKit/Core (= 3.27.2)
  - PlayKit/Core (3.27.2):
    - KalturaNetKit (~> 1.6.1)
    - PlayKitUtils (~> 0.5)
    - SwiftyJSON (= 5.0.0)
    - XCGLogger (= 7.0.0)
  - PlayKit_IMA (1.14.0):
    - GoogleAds-IMA-iOS-SDK (= 3.18.1)
    - GoogleAds-IMA-tvOS-SDK (= 4.6.1)
    - PlayKit (~> 3.22)
  - PlayKitUtils (0.5.1)
  - SwiftyJSON (5.0.0)
  - XCGLogger (7.0.0):
    - XCGLogger/Core (= 7.0.0)
  - XCGLogger/Core (7.0.0):
    - ObjcExceptionBridging

DEPENDENCIES:
  - Mux-Stats-Google-IMA-Kaltura (from `../../`)
  - PlayKit_IMA

SPEC REPOS:
  https://github.com/andrewjl-mux/Specs.git:
    - Mux-Stats-Kaltura
  https://github.com/Cocoapods/Specs.git:
    - GoogleAds-IMA-iOS-SDK
    - KalturaNetKit
    - Mux-Stats-Core
    - ObjcExceptionBridging
    - PlayKit
    - PlayKit_IMA
    - PlayKitUtils
    - SwiftyJSON
    - XCGLogger

EXTERNAL SOURCES:
  Mux-Stats-Google-IMA-Kaltura:
    :path: "../../"

SPEC CHECKSUMS:
  GoogleAds-IMA-iOS-SDK: 54941bbcc0fc7408ad5ee13e4347343604927eea
  KalturaNetKit: 2af6c3c2a1abbd8936b5acde45f33f5195125f4a
  Mux-Stats-Core: b747ca415f883e2b2d9475d8cc0ac3079167bf6b
  Mux-Stats-Google-IMA-Kaltura: df45924aed7af4ab3e729c4afedc780692ec6ecf
  Mux-Stats-Kaltura: 2694a66cc632ddf6ecc9ee8e83515e0fe5753f9c
  ObjcExceptionBridging: c30e00eb3700467e695faeea30e26e18bd445001
  PlayKit: 4e2c81a6495b2266cc523f767e6e36eb78305ac0
  PlayKit_IMA: b7a37ba5474f3397f9c0880e7105fed72c21bc02
  PlayKitUtils: 4a11aef6488e778d10b774702ba79dd0cfa0ef11
  SwiftyJSON: 36413e04c44ee145039d332b4f4e2d3e8d6c4db7
  XCGLogger: 0434f15e3909cdc450bb63faf638b8792ab782ab

PODFILE CHECKSUM: ebca3bbbd873ee3d26fc3341bed7f3bcfdfba0bc

COCOAPODS: 1.12.1
